github.com/companyzero/sntrup4591761 v0.0.0-20190320150934-1ea2d0911e48 h1:5J5+W6LVdeJeHzqrNARVzXGD/u0jqZ+yiFYWhkHMnts=
github.com/companyzero/sntrup4591761 v0.0.0-20190320150934-1ea2d0911e48/go.mod h1:mqO8bOUjFw4AUP6X5CFkXV4IZJXnDy7oghYhbVsDb2M=
github.com/dchest/blake2b v1.0.0 h1:KK9LimVmE0MjRl9095XJmKqZ+iLxWATvlcpVFRtaw6s=
github.com/dchest/blake2b v1.0.0/go.mod h1:U034kXgbJpCle2wSk5ybGIVhOSHCVLMDqOzcPEA0F7s=
github.com/jrick/ss v0.7.1 h1:K+jbI52c3EdymccQ3V/9I7Acl0h2BX1LrOshrgQoPhQ=
github.com/jrick/ss v0.7.1/go.mod h1:/91cAb72OoOtQF89O4moKsXZ6cRKO1PH1AdmIROOGT8=
github.com/smtc/rollsum v0.0.0-20150721100732-39e98d252100 h1:i0RlfVCicU2hdE7lSl0e8VxJtJIpfLhvyZXdb4VGHmY=
github.com/smtc/rollsum v0.0.0-20150721100732-39e98d252100/go.mod h1:6sQHUq9MNR2x9+cpk8+oegntSXGnXHopnOv92j2tikk=
github.com/smtc/rsync v0.0.0-20151014010438-0a038bb0deb8 h1:PKRycleyjjrjXOvzSgkM/J6aBg/qv3V5V3QwrqpkC8k=
github.com/smtc/rsync v0.0.0-20151014010438-0a038bb0deb8/go.mod h1:oq5k6hI+1FWgfZnl/CUunoN5tQDJkgX5ziiQFPk2ATA=
github.com/smtc/seekbuffer v0.0.0-20151009054628-711359748967 h1:W1sTuG/sEqqum0BZ6bI1V++UqMJ+dxoeX7Biz7EarmE=
github.com/smtc/seekbuffer v0.0.0-20151009054628-711359748967/go.mod h1:yaoAwyoO9sNREC+8EVI+DgdGfUpMTVR9XzqxS7yGRF4=
golang.org/x/crypto v0.0.0-20190308221718-c2843e01d9a2/go.mod h1:djNgcEr1/C05ACkg1iLfiJU5Ep61QUkGW8qpdssI0+w=
golang.org/x/crypto v0.0.0-20190611184440-5c40567a22f8/go.mod h1:yigFU9vqHzYiE8UmvKecakEJjdnWj3jj499lnFckfCI=
golang.org/x/crypto v0.0.0-20200420201142-3c4aac89819a h1:y6sBfNd1b9Wy08a6K1Z1DZc4aXABUN5TKjkYhz7UKmo=
golang.org/x/crypto v0.0.0-20200420201142-3c4aac89819a/go.mod h1:LzIPMQfyMNhhGPhUkYOs5KpL4U8rLKemX1yGLhDgUto=
golang.org/x/net v0.0.0-20190404232315-eb5bcb51f2a3/go.mod h1:t9HGtf8HONx5eT2rtn7q6eTqICYqUVnKs3thJo3Qplg=
golang.org/x/sync v0.0.0-20200317015054-43a5402ce75a h1:WXEvlFVvvGxCJLG6REjsT03iWnKLEWinaScsxF2Vm2o=
golang.org/x/sync v0.0.0-20200317015054-43a5402ce75a/go.mod h1:RxMgew5VJxzue5/jJTE5uejpjVlOe/izrB70Jof72aM=
golang.org/x/sys v0.0.0-20190215142949-d0b11bdaac8a/go.mod h1:STP8DvDyc/dI5b8T5hshtkjS+E42TnysNCUPdjciGhY=
golang.org/x/sys v0.0.0-20190412213103-97732733099d h1:+R4KGOnez64A81RvjARKc4UT5/tI9ujCIVX+P5KiHuI=
golang.org/x/sys v0.0.0-20190412213103-97732733099d/go.mod h1:h1NjWce9XRLGQEsW7wpKNCjG9DtNlClVuFLEZdDNbEs=
golang.org/x/text v0.3.0/go.mod h1:NqM8EUOU14njkJ3fqMW+pc6Ldnwhi/IjpwHt7yyuwOQ=
gopkg.in/check.v1 v0.0.0-20161208181325-20d25e280405 h1:yhCVgyC4o1eVCa2tZl7eS0r+SDo693bJlVdllGtEeKM=
gopkg.in/check.v1 v0.0.0-20161208181325-20d25e280405/go.mod h1:Co6ibVJAznAaIkqp8huTwlJQCZ016jof/cbN4VW5Yz0=
gopkg.in/yaml.v2 v2.2.8 h1:obN1ZagJSUGI0Ek/LBmuj4SNLPfIny3KsKFopxRdj10=
gopkg.in/yaml.v2 v2.2.8/go.mod h1:hI93XBmqTisBFMUTm0b8Fm+jr3Dg1NNxqwp+5A1VGuI=
